
Microsoft Visual Studio Solution File, Format Version 12.00
# Visual Studio Version 17
VisualStudioVersion = 17.5.2.0
MinimumVisualStudioVersion = 10.0.40219.1
Project("{FAE04EC0-301F-11D3-BF4B-00C04F79EFBC}") = "SkillBridge.Api", "SkillBridge.Api\SkillBridge.Api.csproj", "{A5408702-9DAD-8FD0-EDC2-1DB99BDBFFB8}"
EndProject
Project("{FAE04EC0-301F-11D3-BF4B-00C04F79EFBC}") = "SkillBridge.Web", "SkillBridge.Web\SkillBridge.Web.csproj", "{75F8E54F-0661-4EE8-A422-879F831197AD}"
EndProject
Global
	GlobalSection(SolutionConfigurationPlatforms) = preSolution
		Debug|Any CPU = Debug|Any CPU
		Debug|x64 = Debug|x64
		Debug|x86 = Debug|x86
		Release|Any CPU = Release|Any CPU
		Release|x64 = Release|x64
		Release|x86 = Release|x86
	EndGlobalSection
	GlobalSection(ProjectConfigurationPlatforms) = postSolution
		{A5408702-9DAD-8FD0-EDC2-1DB99BDBFFB8}.Debug|Any CPU.ActiveCfg = Debug|Any CPU
		{A5408702-9DAD-8FD0-EDC2-1DB99BDBFFB8}.Debug|Any CPU.Build.0 = Debug|Any CPU
		{A5408702-9DAD-8FD0-EDC2-1DB99BDBFFB8}.Debug|x64.ActiveCfg = Debug|Any CPU
		{A5408702-9DAD-8FD0-EDC2-1DB99BDBFFB8}.Debug|x64.Build.0 = Debug|Any CPU
		{A5408702-9DAD-8FD0-EDC2-1DB99BDBFFB8}.Debug|x86.ActiveCfg = Debug|Any CPU
		{A5408702-9DAD-8FD0-EDC2-1DB99BDBFFB8}.Debug|x86.Build.0 = Debug|Any CPU
		{A5408702-9DAD-8FD0-EDC2-1DB99BDBFFB8}.Release|Any CPU.ActiveCfg = Release|Any CPU
		{A5408702-9DAD-8FD0-EDC2-1DB99BDBFFB8}.Release|Any CPU.Build.0 = Release|Any CPU
		{A5408702-9DAD-8FD0-EDC2-1DB99BDBFFB8}.Release|x64.ActiveCfg = Release|Any CPU
		{A5408702-9DAD-8FD0-EDC2-1DB99BDBFFB8}.Release|x64.Build.0 = Release|Any CPU
		{A5408702-9DAD-8FD0-EDC2-1DB99BDBFFB8}.Release|x86.ActiveCfg = Release|Any CPU
		{A5408702-9DAD-8FD0-EDC2-1DB99BDBFFB8}.Release|x86.Build.0 = Release|Any CPU
		{75F8E54F-0661-4EE8-A422-879F831197AD}.Debug|Any CPU.ActiveCfg = Debug|Any CPU
		{75F8E54F-0661-4EE8-A422-879F831197AD}.Debug|Any CPU.Build.0 = Debug|Any CPU
		{75F8E54F-0661-4EE8-A422-879F831197AD}.Debug|x64.ActiveCfg = Debug|Any CPU
		{75F8E54F-0661-4EE8-A422-879F831197AD}.Debug|x64.Build.0 = Debug|Any CPU
		{75F8E54F-0661-4EE8-A422-879F831197AD}.Debug|x86.ActiveCfg = Debug|Any CPU
		{75F8E54F-0661-4EE8-A422-879F831197AD}.Debug|x86.Build.0 = Debug|Any CPU
		{75F8E54F-0661-4EE8-A422-879F831197AD}.Release|Any CPU.ActiveCfg = Release|Any CPU
		{75F8E54F-0661-4EE8-A422-879F831197AD}.Release|Any CPU.Build.0 = Release|Any CPU
		{75F8E54F-0661-4EE8-A422-879F831197AD}.Release|x64.ActiveCfg = Release|Any CPU
		{75F8E54F-0661-4EE8-A422-879F831197AD}.Release|x64.Build.0 = Release|Any CPU
		{75F8E54F-0661-4EE8-A422-879F831197AD}.Release|x86.ActiveCfg = Release|Any CPU
		{75F8E54F-0661-4EE8-A422-879F831197AD}.Release|x86.Build.0 = Release|Any CPU
	EndGlobalSection
	GlobalSection(SolutionProperties) = preSolution
		HideSolutionNode = FALSE
	EndGlobalSection
	GlobalSection(ExtensibilityGlobals) = postSolution
		SolutionGuid = {EB0C8905-B651-412B-84B3-D1C2EED4F981}
	EndGlobalSection
EndGlobal
